// !$*UTF8*$!
{
	archiveVersion = 1;
	classes = {
	};
	objectVersion = 46;
	objects = {

/* Begin PBXBuildFile section */
		CE43C0731618D84700E67DF6 /* Foundation.framework in Frameworks */ = {isa = PBXBuildFile; fileRef = CE43C0721618D84700E67DF6 /* Foundation.framework */; };
		CE43C0781618D84700E67DF6 /* TownPlan.h in CopyFiles */ = {isa = PBXBuildFile; fileRef = CE43C0771618D84700E67DF6 /* TownPlan.h */; };
		CE43C07A1618D84700E67DF6 /* TownPlan.m in Sources */ = {isa = PBXBuildFile; fileRef = CE43C0791618D84700E67DF6 /* TownPlan.m */; };
		CE43C0821618D84700E67DF6 /* SenTestingKit.framework in Frameworks */ = {isa = PBXBuildFile; fileRef = CE43C0811618D84700E67DF6 /* SenTestingKit.framework */; };
		CE43C0851618D84700E67DF6 /* Foundation.framework in Frameworks */ = {isa = PBXBuildFile; fileRef = CE43C0721618D84700E67DF6 /* Foundation.framework */; };
		CE43C0881618D84700E67DF6 /* libTownPlan.a in Frameworks */ = {isa = PBXBuildFile; fileRef = CE43C06F1618D84700E67DF6 /* libTownPlan.a */; };
		CE43C08E1618D84800E67DF6 /* InfoPlist.strings in Resources */ = {isa = PBXBuildFile; fileRef = CE43C08C1618D84800E67DF6 /* InfoPlist.strings */; };
		CE43C0911618D84800E67DF6 /* TownPlanTests.m in Sources */ = {isa = PBXBuildFile; fileRef = CE43C0901618D84800E67DF6 /* TownPlanTests.m */; };
		CE43C09E1618D90F00E67DF6 /* UIKit.framework in Frameworks */ = {isa = PBXBuildFile; fileRef = CE43C09A1618D8A600E67DF6 /* UIKit.framework */; };
/* End PBXBuildFile section */

/* Begin PBXContainerItemProxy section */
		CE43C0861618D84700E67DF6 /* PBXContainerItemProxy */ = {
			isa = PBXContainerItemProxy;
			containerPortal = CE43C0661618D84700E67DF6 /* Project object */;
			proxyType = 1;
			remoteGlobalIDString = CE43C06E1618D84700E67DF6;
			remoteInfo = TownPlan;
		};
/* End PBXContainerItemProxy section */

/* Begin PBXCopyFilesBuildPhase section */
		CE43C06D1618D84700E67DF6 /* CopyFiles */ = {
			isa = PBXCopyFilesBuildPhase;
			buildActionMask = 2147483647;
			dstPath = "include/${PRODUCT_NAME}";
			dstSubfolderSpec = 16;
			files = (
				CE43C0781618D84700E67DF6 /* TownPlan.h in CopyFiles */,
			);
			runOnlyForDeploymentPostprocessing = 0;
		};
/* End PBXCopyFilesBuildPhase section */

/* Begin PBXFileReference section */
		CE43C06F1618D84700E67DF6 /* libTownPlan.a */ = {isa = PBXFileReference; explicitFileType = archive.ar; includeInIndex = 0; path = libTownPlan.a; sourceTree = BUILT_PRODUCTS_DIR; };
		CE43C0721618D84700E67DF6 /* Foundation.framework */ = {isa = PBXFileReference; lastKnownFileType = wrapper.framework; name = Foundation.framework; path = System/Library/Frameworks/Foundation.framework; sourceTree = SDKROOT; };
		CE43C0761618D84700E67DF6 /* TownPlan-Prefix.pch */ = {isa = PBXFileReference; lastKnownFileType = sourcecode.c.h; path = "TownPlan-Prefix.pch"; sourceTree = "<group>"; };
		CE43C0771618D84700E67DF6 /* TownPlan.h */ = {isa = PBXFileReference; lastKnownFileType = sourcecode.c.h; path = TownPlan.h; sourceTree = "<group>"; };
		CE43C0791618D84700E67DF6 /* TownPlan.m */ = {isa = PBXFileReference; lastKnownFileType = sourcecode.c.objc; path = TownPlan.m; sourceTree = "<group>"; };
		CE43C0801618D84700E67DF6 /* TownPlanTests.octest */ = {isa = PBXFileReference; explicitFileType = wrapper.cfbundle; includeInIndex = 0; path = TownPlanTests.octest; sourceTree = BUILT_PRODUCTS_DIR; };
		CE43C0811618D84700E67DF6 /* SenTestingKit.framework */ = {isa = PBXFileReference; lastKnownFileType = wrapper.framework; name = SenTestingKit.framework; path = Library/Frameworks/SenTestingKit.framework; sourceTree = DEVELOPER_DIR; };
		CE43C08B1618D84800E67DF6 /* TownPlanTests-Info.plist */ = {isa = PBXFileReference; lastKnownFileType = text.plist.xml; path = "TownPlanTests-Info.plist"; sourceTree = "<group>"; };
		CE43C08D1618D84800E67DF6 /* en */ = {isa = PBXFileReference; lastKnownFileType = text.plist.strings; name = en; path = en.lproj/InfoPlist.strings; sourceTree = "<group>"; };
		CE43C08F1618D84800E67DF6 /* TownPlanTests.h */ = {isa = PBXFileReference; lastKnownFileType = sourcecode.c.h; path = TownPlanTests.h; sourceTree = "<group>"; };
		CE43C0901618D84800E67DF6 /* TownPlanTests.m */ = {isa = PBXFileReference; lastKnownFileType = sourcecode.c.objc; path = TownPlanTests.m; sourceTree = "<group>"; };
		CE43C09A1618D8A600E67DF6 /* UIKit.framework */ = {isa = PBXFileReference; lastKnownFileType = wrapper.framework; name = UIKit.framework; path = System/Library/Frameworks/UIKit.framework; sourceTree = SDKROOT; };
/* End PBXFileReference section */

/* Begin PBXFrameworksBuildPhase section */
		CE43C06C1618D84700E67DF6 /* Frameworks */ = {
			isa = PBXFrameworksBuildPhase;
			buildActionMask = 2147483647;
			files = (
				CE43C09E1618D90F00E67DF6 /* UIKit.framework in Frameworks */,
				CE43C0731618D84700E67DF6 /* Foundation.framework in Frameworks */,
			);
			runOnlyForDeploymentPostprocessing = 0;
		};
		CE43C07C1618D84700E67DF6 /* Frameworks */ = {
			isa = PBXFrameworksBuildPhase;
			buildActionMask = 2147483647;
			files = (
				CE43C0821618D84700E67DF6 /* SenTestingKit.framework in Frameworks */,
				CE43C0851618D84700E67DF6 /* Foundation.framework in Frameworks */,
				CE43C0881618D84700E67DF6 /* libTownPlan.a in Frameworks */,
			);
			runOnlyForDeploymentPostprocessing = 0;
		};
/* End PBXFrameworksBuildPhase section */

/* Begin PBXGroup section */
		CE43C0641618D84700E67DF6 = {
			isa = PBXGroup;
			children = (
				CE43C0741618D84700E67DF6 /* TownPlan */,
				CE43C0891618D84700E67DF6 /* TownPlanTests */,
				CE43C0711618D84700E67DF6 /* Frameworks */,
				CE43C0701618D84700E67DF6 /* Products */,
			);
			sourceTree = "<group>";
		};
		CE43C0701618D84700E67DF6 /* Products */ = {
			isa = PBXGroup;
			children = (
				CE43C06F1618D84700E67DF6 /* libTownPlan.a */,
				CE43C0801618D84700E67DF6 /* TownPlanTests.octest */,
			);
			name = Products;
			sourceTree = "<group>";
		};
		CE43C0711618D84700E67DF6 /* Frameworks */ = {
			isa = PBXGroup;
			children = (
				CE43C09A1618D8A600E67DF6 /* UIKit.framework */,
				CE43C0721618D84700E67DF6 /* Foundation.framework */,
				CE43C0811618D84700E67DF6 /* SenTestingKit.framework */,
			);
			name = Frameworks;
			sourceTree = "<group>";
		};
		CE43C0741618D84700E67DF6 /* TownPlan */ = {
			isa = PBXGroup;
			children = (
				CE43C0771618D84700E67DF6 /* TownPlan.h */,
				CE43C0791618D84700E67DF6 /* TownPlan.m */,
				CE43C0751618D84700E67DF6 /* Supporting Files */,
			);
			path = TownPlan;
			sourceTree = "<group>";
		};
		CE43C0751618D84700E67DF6 /* Supporting Files */ = {
			isa = PBXGroup;
			children = (
				CE43C0761618D84700E67DF6 /* TownPlan-Prefix.pch */,
			);
			name = "Supporting Files";
			sourceTree = "<group>";
		};
		CE43C0891618D84700E67DF6 /* TownPlanTests */ = {
			isa = PBXGroup;
			children = (
				CE43C08F1618D84800E67DF6 /* TownPlanTests.h */,
				CE43C0901618D84800E67DF6 /* TownPlanTests.m */,
				CE43C08A1618D84700E67DF6 /* Supporting Files */,
			);
			path = TownPlanTests;
			sourceTree = "<group>";
		};
		CE43C08A1618D84700E67DF6 /* Supporting Files */ = {
			isa = PBXGroup;
			children = (
				CE43C08B1618D84800E67DF6 /* TownPlanTests-Info.plist */,
				CE43C08C1618D84800E67DF6 /* InfoPlist.strings */,
			);
			name = "Supporting Files";
			sourceTree = "<group>";
		};
/* End PBXGroup section */

/* Begin PBXNativeTarget section */
		CE43C06E1618D84700E67DF6 /* TownPlan */ = {
			isa = PBXNativeTarget;
			buildConfigurationList = CE43C0941618D84800E67DF6 /* Build configuration list for PBXNativeTarget "TownPlan" */;
			buildPhases = (
				CE43C06B1618D84700E67DF6 /* Sources */,
				CE43C06C1618D84700E67DF6 /* Frameworks */,
				CE43C06D1618D84700E67DF6 /* CopyFiles */,
			);
			buildRules = (
			);
			dependencies = (
			);
			name = TownPlan;
			productName = TownPlan;
			productReference = CE43C06F1618D84700E67DF6 /* libTownPlan.a */;
			productType = "com.apple.product-type.library.static";
		};
		CE43C07F1618D84700E67DF6 /* TownPlanTests */ = {
			isa = PBXNativeTarget;
			buildConfigurationList = CE43C0971618D84800E67DF6 /* Build configuration list for PBXNativeTarget "TownPlanTests" */;
			buildPhases = (
				CE43C07B1618D84700E67DF6 /* Sources */,
				CE43C07C1618D84700E67DF6 /* Frameworks */,
				CE43C07D1618D84700E67DF6 /* Resources */,
				CE43C07E1618D84700E67DF6 /* ShellScript */,
			);
			buildRules = (
			);
			dependencies = (
				CE43C0871618D84700E67DF6 /* PBXTargetDependency */,
			);
			name = TownPlanTests;
			productName = TownPlanTests;
			productReference = CE43C0801618D84700E67DF6 /* TownPlanTests.octest */;
			productType = "com.apple.product-type.bundle";
		};
/* End PBXNativeTarget section */

/* Begin PBXProject section */
		CE43C0661618D84700E67DF6 /* Project object */ = {
			isa = PBXProject;
			attributes = {
				LastUpgradeCheck = 0450;
				ORGANIZATIONNAME = Appfactory;
			};
			buildConfigurationList = CE43C0691618D84700E67DF6 /* Build configuration list for PBXProject "TownPlan" */;
			compatibilityVersion = "Xcode 3.2";
			developmentRegion = English;
			hasScannedForEncodings = 0;
			knownRegions = (
				en,
			);
			mainGroup = CE43C0641618D84700E67DF6;
			productRefGroup = CE43C0701618D84700E67DF6 /* Products */;
			projectDirPath = "";
			projectRoot = "";
			targets = (
				CE43C06E1618D84700E67DF6 /* TownPlan */,
				CE43C07F1618D84700E67DF6 /* TownPlanTests */,
			);
		};
/* End PBXProject section */

/* Begin PBXResourcesBuildPhase section */
		CE43C07D1618D84700E67DF6 /* Resources */ = {
			isa = PBXResourcesBuildPhase;
			buildActionMask = 2147483647;
			files = (
				CE43C08E1618D84800E67DF6 /* InfoPlist.strings in Resources */,
			);
			runOnlyForDeploymentPostprocessing = 0;
		};
/* End PBXResourcesBuildPhase section */

/* Begin PBXShellScriptBuildPhase section */
		CE43C07E1618D84700E67DF6 /* ShellScript */ = {
			isa = PBXShellScriptBuildPhase;
			buildActionMask = 2147483647;
			files = (
			);
			inputPaths = (
			);
			outputPaths = (
			);
			runOnlyForDeploymentPostprocessing = 0;
			shellPath = /bin/sh;
			shellScript = "# Run the unit tests in this test bundle.\n\"${SYSTEM_DEVELOPER_DIR}/Tools/RunUnitTests\"\n";
		};
/* End PBXShellScriptBuildPhase section */

/* Begin PBXSourcesBuildPhase section */
		CE43C06B1618D84700E67DF6 /* Sources */ = {
			isa = PBXSourcesBuildPhase;
			buildActionMask = 2147483647;
			files = (
				CE43C07A1618D84700E67DF6 /* TownPlan.m in Sources */,
			);
			runOnlyForDeploymentPostprocessing = 0;
		};
		CE43C07B1618D84700E67DF6 /* Sources */ = {
			isa = PBXSourcesBuildPhase;
			buildActionMask = 2147483647;
			files = (
				CE43C0911618D84800E67DF6 /* TownPlanTests.m in Sources */,
			);
			runOnlyForDeploymentPostprocessing = 0;
		};
/* End PBXSourcesBuildPhase section */

/* Begin PBXTargetDependency section */
		CE43C0871618D84700E67DF6 /* PBXTargetDependency */ = {
			isa = PBXTargetDependency;
			target = CE43C06E1618D84700E67DF6 /* TownPlan */;
			targetProxy = CE43C0861618D84700E67DF6 /* PBXContainerItemProxy */;
		};
/* End PBXTargetDependency section */

/* Begin PBXVariantGroup section */
		CE43C08C1618D84800E67DF6 /* InfoPlist.strings */ = {
			isa = PBXVariantGroup;
			children = (
				CE43C08D1618D84800E67DF6 /* en */,
			);
			name = InfoPlist.strings;
			sourceTree = "<group>";
		};
/* End PBXVariantGroup section */

/* Begin XCBuildConfiguration section */
		CE43C0921618D84800E67DF6 /* Debug */ = {
			isa = XCBuildConfiguration;
			buildSettings = {
				ALWAYS_SEARCH_USER_PATHS = NO;
				CLANG_CXX_LANGUAGE_STANDARD = "gnu++0x";
				CLANG_CXX_LIBRARY = "libc++";
				CLANG_WARN_EMPTY_BODY = YES;
				CLANG_WARN__DUPLICATE_METHOD_MATCH = YES;
				COPY_PHASE_STRIP = NO;
				GCC_C_LANGUAGE_STANDARD = gnu99;
				GCC_DYNAMIC_NO_PIC = NO;
				GCC_OPTIMIZATION_LEVEL = 0;
				GCC_PREPROCESSOR_DEFINITIONS = (
					"DEBUG=1",
					"$(inherited)",
				);
				GCC_SYMBOLS_PRIVATE_EXTERN = NO;
				GCC_WARN_ABOUT_RETURN_TYPE = YES;
				GCC_WARN_UNINITIALIZED_AUTOS = YES;
				GCC_WARN_UNUSED_VARIABLE = YES;
				IPHONEOS_DEPLOYMENT_TARGET = 6.0;
				SDKROOT = iphoneos;
			};
			name = Debug;
		};
		CE43C0931618D84800E67DF6 /* Release */ = {
			isa = XCBuildConfiguration;
			buildSettings = {
				ALWAYS_SEARCH_USER_PATHS = NO;
				CLANG_CXX_LANGUAGE_STANDARD = "gnu++0x";
				CLANG_CXX_LIBRARY = "libc++";
				CLANG_WARN_EMPTY_BODY = YES;
				CLANG_WARN__DUPLICATE_METHOD_MATCH = YES;
				COPY_PHASE_STRIP = YES;
				GCC_C_LANGUAGE_STANDARD = gnu99;
				GCC_WARN_ABOUT_RETURN_TYPE = YES;
				GCC_WARN_UNINITIALIZED_AUTOS = YES;
				GCC_WARN_UNUSED_VARIABLE = YES;
				IPHONEOS_DEPLOYMENT_TARGET = 6.0;
				SDKROOT = iphoneos;
				VALIDATE_PRODUCT = YES;
			};
			name = Release;
		};
		CE43C0951618D84800E67DF6 /* Debug */ = {
			isa = XCBuildConfiguration;
			buildSettings = {
				DSTROOT = /tmp/TownPlan.dst;
				GCC_PRECOMPILE_PREFIX_HEADER = YES;
				GCC_PREFIX_HEADER = "TownPlan/TownPlan-Prefix.pch";
				OTHER_LDFLAGS = "-ObjC";
				PRODUCT_NAME = "$(TARGET_NAME)";
				SKIP_INSTALL = YES;
			};
			name = Debug;
		};
		CE43C0961618D84800E67DF6 /* Release */ = {
			isa = XCBuildConfiguration;
			buildSettings = {
				DSTROOT = /tmp/TownPlan.dst;
				GCC_PRECOMPILE_PREFIX_HEADER = YES;
				GCC_PREFIX_HEADER = "TownPlan/TownPlan-Prefix.pch";
				OTHER_LDFLAGS = "-ObjC";
				PRODUCT_NAME = "$(TARGET_NAME)";
				SKIP_INSTALL = YES;
			};
			name = Release;
		};
		CE43C0981618D84800E67DF6 /* Debug */ = {
			isa = XCBuildConfiguration;
			buildSettings = {
				FRAMEWORK_SEARCH_PATHS = (
					"\"$(SDKROOT)/Developer/Library/Frameworks\"",
					"\"$(DEVELOPER_LIBRARY_DIR)/Frameworks\"",
				);
				GCC_PRECOMPILE_PREFIX_HEADER = YES;
				GCC_PREFIX_HEADER = "TownPlan/TownPlan-Prefix.pch";
				INFOPLIST_FILE = "TownPlanTests/TownPlanTests-Info.plist";
				PRODUCT_NAME = "$(TARGET_NAME)";
				WRAPPER_EXTENSION = octest;
			};
			name = Debug;
		};
		CE43C0991618D84800E67DF6 /* Release */ = {
			isa = XCBuildConfiguration;
			buildSettings = {
				FRAMEWORK_SEARCH_PATHS = (
					"\"$(SDKROOT)/Developer/Library/Frameworks\"",
					"\"$(DEVELOPER_LIBRARY_DIR)/Frameworks\"",
				);
				GCC_PRECOMPILE_PREFIX_HEADER = YES;
				GCC_PREFIX_HEADER = "TownPlan/TownPlan-Prefix.pch";
				INFOPLIST_FILE = "TownPlanTests/TownPlanTests-Info.plist";
				PRODUCT_NAME = "$(TARGET_NAME)";
				WRAPPER_EXTENSION = octest;
			};
			name = Release;
		};
/* End XCBuildConfiguration section */

/* Begin XCConfigurationList section */
		CE43C0691618D84700E67DF6 /* Build configuration list for PBXProject "TownPlan" */ = {
			isa = XCConfigurationList;
			buildConfigurations = (
				CE43C0921618D84800E67DF6 /* Debug */,
				CE43C0931618D84800E67DF6 /* Release */,
			);
			defaultConfigurationIsVisible = 0;
			defaultConfigurationName = Release;
		};
		CE43C0941618D84800E67DF6 /* Build configuration list for PBXNativeTarget "TownPlan" */ = {
			isa = XCConfigurationList;
			buildConfigurations = (
				CE43C0951618D84800E67DF6 /* Debug */,
				CE43C0961618D84800E67DF6 /* Release */,
			);
			defaultConfigurationIsVisible = 0;
		};
		CE43C0971618D84800E67DF6 /* Build configuration list for PBXNativeTarget "TownPlanTests" */ = {
			isa = XCConfigurationList;
			buildConfigurations = (
				CE43C0981618D84800E67DF6 /* Debug */,
				CE43C0991618D84800E67DF6 /* Release */,
			);
			defaultConfigurationIsVisible = 0;
		};
/* End XCConfigurationList section */
	};
	rootObject = CE43C0661618D84700E67DF6 /* Project object */;
}
